
Microsoft Visual Studio Solution File, Format Version 12.00
# Visual Studio Version 17
VisualStudioVersion = 17.6.33815.320
MinimumVisualStudioVersion = 10.0.40219.1
Project("{FAE04EC0-301F-11D3-BF4B-00C04F79EFBC}") = "CheckDICOM", "CheckDICOM\CheckDICOM.csproj", "{4FAC8F09-FB1D-4DE4-8F02-016982F5ADB8}"
EndProject
Project("{FAE04EC0-301F-11D3-BF4B-00C04F79EFBC}") = "DICOMImageExample", "DICOMImageExample\DICOMImageExample.csproj", "{CFE81BF6-15E7-47D8-BB82-B05A48A3101C}"
EndProject
Project("{FAE04EC0-301F-11D3-BF4B-00C04F79EFBC}") = "DICOMIZERExample", "DICOMIZERExample\DICOMIZERExample.csproj", "{D4A8360B-3B88-4C70-B805-CCA91048355B}"
EndProject
Project("{FAE04EC0-301F-11D3-BF4B-00C04F79EFBC}") = "DICOMListener", "DICOMListenerExample\DICOMListener.csproj", "{3F56A3E0-CC18-4A00-9821-99717C0842C6}"
EndProject
Project("{FAE04EC0-301F-11D3-BF4B-00C04F79EFBC}") = "DicomObjectExample", "DicomObjectExample\DicomObjectExample.csproj", "{B4993AD4-9100-4D97-B1EC-6F22A490146F}"
EndProject
Project("{FAE04EC0-301F-11D3-BF4B-00C04F79EFBC}") = "DicomViewer", "DicomViewer\DicomViewer.csproj", "{5DA45F61-0DCD-4095-AAFD-C4B507BAAD70}"
EndProject
Project("{FAE04EC0-301F-11D3-BF4B-00C04F79EFBC}") = "EchoSCUExample", "EchoSCUExample\EchoSCUExample.csproj", "{B345321C-8C74-4358-ADF0-145BCA874D51}"
EndProject
Project("{FAE04EC0-301F-11D3-BF4B-00C04F79EFBC}") = "MPPSSCUExample", "MPPSSCUExample\MPPSSCUExample.csproj", "{4A8897CE-A568-4E6C-8170-ECC2686CCE7C}"
EndProject
Project("{FAE04EC0-301F-11D3-BF4B-00C04F79EFBC}") = "MultithreadedServerExample", "MultithreadedServerExample\MultithreadedServerExample.csproj", "{331631EB-58F6-4234-88B0-2D88EA5F8B8C}"
EndProject
Project("{FAE04EC0-301F-11D3-BF4B-00C04F79EFBC}") = "QueryRetrieveSCUExample", "QueryRetrieveSCU\QueryRetrieveSCUExample.csproj", "{9C6BA1DC-2924-4290-B85B-4F9C95702F3E}"
EndProject
Project("{FAE04EC0-301F-11D3-BF4B-00C04F79EFBC}") = "StorageCommitSCPExample", "StorageCommitSCPExample\StorageCommitSCPExample.csproj", "{8B8919C8-97DF-42F2-B3DD-60CAF2D8A799}"
EndProject
Project("{FAE04EC0-301F-11D3-BF4B-00C04F79EFBC}") = "StorageCommitSCUExample", "StorageCommitSCUExample\StorageCommitSCUExample.csproj", "{80CD7062-B04A-418E-ACAD-3C81C9DC458E}"
EndProject
Project("{FAE04EC0-301F-11D3-BF4B-00C04F79EFBC}") = "StorageSCPExample", "StorageSCPExample\StorageSCPExample.csproj", "{A4D0366B-51B1-48BC-A941-8764DD09C3F0}"
EndProject
Project("{FAE04EC0-301F-11D3-BF4B-00C04F79EFBC}") = "StorageSCUExample", "StorageSCUExample\StorageSCUExample.csproj", "{112DC193-6141-4E48-8073-5EA381AD3F67}"
EndProject
Project("{FAE04EC0-301F-11D3-BF4B-00C04F79EFBC}") = "StructuredReportExample", "StructuredReportExample\StructuredReportExample.csproj", "{888089EE-C9E8-41BB-BA13-C7520327C1AC}"
EndProject
Project("{FAE04EC0-301F-11D3-BF4B-00C04F79EFBC}") = "VideoToDICOM", "VideoToDICOM\VideoToDICOM.csproj", "{49AF7C0F-CFF5-4917-8A46-7E042F63815C}"
EndProject
Project("{FAE04EC0-301F-11D3-BF4B-00C04F79EFBC}") = "PDFToDICOM", "PDFToDICOM\PDFToDICOM.csproj", "{FCFBAA97-35D2-4181-BE71-03B183D811E5}"
EndProject
Project("{FAE04EC0-301F-11D3-BF4B-00C04F79EFBC}") = "DICOMPresentationModuleExample", "DICOMPresentationModuleExample\DICOMPresentationModuleExample.csproj", "{36565C6C-704D-4836-822F-FBBA76EE2FA6}"
EndProject
Project("{FAE04EC0-301F-11D3-BF4B-00C04F79EFBC}") = "CreateImageExample", "CreateImageExample\CreateImageExample.csproj", "{A1F28EE8-44CC-4547-AFCB-AB0465FFA8C9}"
EndProject
Project("{FAE04EC0-301F-11D3-BF4B-00C04F79EFBC}") = "DICOMLoader", "DICOMLoader\DICOMLoader.csproj", "{3C8B3A35-C13A-496A-AF83-C4B63DE59EB4}"
EndProject
Project("{FAE04EC0-301F-11D3-BF4B-00C04F79EFBC}") = "InsertPrivateSequences", "InsertPrivateSequences\InsertPrivateSequences.csproj", "{A073027C-3CDA-4F05-8ED1-A58E564E746E}"
EndProject
Project("{FAE04EC0-301F-11D3-BF4B-00C04F79EFBC}") = "LogStreamTest", "LogStreamTest\LogStreamTest.csproj", "{0CD58BFC-1101-4542-8A43-5B8BF42A524D}"
EndProject
Project("{FAE04EC0-301F-11D3-BF4B-00C04F79EFBC}") = "DCXACCEventsExample", "DCXACCEventsExample\DCXACCEventsExample.csproj", "{2CB548AC-3848-4927-9037-D5499A3EA7A6}"
EndProject
Project("{FAE04EC0-301F-11D3-BF4B-00C04F79EFBC}") = "ModalityWorklistSCUExample", "ModalityWorklistSCU\ModalityWorklistSCUExample.csproj", "{69A1E444-A911-42A7-8E16-69DA8D46445B}"
EndProject
Project("{FAE04EC0-301F-11D3-BF4B-00C04F79EFBC}") = "SecureDICOMExample", "SecureDICOMExample\SecureDICOMExample.csproj", "{F7D50E7E-10F8-43B3-AFBA-48F658FE374F}"
EndProject
Project("{FAE04EC0-301F-11D3-BF4B-00C04F79EFBC}") = "CertControl", "CertControl\CertControl.csproj", "{39EBE739-40D5-4023-A0B2-385B187A54E4}"
EndProject
Global
	GlobalSection(SolutionConfigurationPlatforms) = preSolution
		Debug|Any CPU = Debug|Any CPU
		Debug|x64 = Debug|x64
		Debug|x86 = Debug|x86
		Release_Local|Any CPU = Release_Local|Any CPU
		Release_Local|x64 = Release_Local|x64
		Release_Local|x86 = Release_Local|x86
		Release|Any CPU = Release|Any CPU
		Release|x64 = Release|x64
		Release|x86 = Release|x86
	EndGlobalSection
	GlobalSection(ProjectConfigurationPlatforms) = postSolution
		{4FAC8F09-FB1D-4DE4-8F02-016982F5ADB8}.Debug|Any CPU.ActiveCfg = Debug|Any CPU
		{4FAC8F09-FB1D-4DE4-8F02-016982F5ADB8}.Debug|Any CPU.Build.0 = Debug|Any CPU
		{4FAC8F09-FB1D-4DE4-8F02-016982F5ADB8}.Debug|x64.ActiveCfg = Debug|x64
		{4FAC8F09-FB1D-4DE4-8F02-016982F5ADB8}.Debug|x64.Build.0 = Debug|x64
		{4FAC8F09-FB1D-4DE4-8F02-016982F5ADB8}.Debug|x86.ActiveCfg = Debug|x86
		{4FAC8F09-FB1D-4DE4-8F02-016982F5ADB8}.Debug|x86.Build.0 = Debug|x86
		{4FAC8F09-FB1D-4DE4-8F02-016982F5ADB8}.Release_Local|Any CPU.ActiveCfg = Release|Any CPU
		{4FAC8F09-FB1D-4DE4-8F02-016982F5ADB8}.Release_Local|Any CPU.Build.0 = Release|Any CPU
		{4FAC8F09-FB1D-4DE4-8F02-016982F5ADB8}.Release_Local|x64.ActiveCfg = Release|x64
		{4FAC8F09-FB1D-4DE4-8F02-016982F5ADB8}.Release_Local|x64.Build.0 = Release|x64
		{4FAC8F09-FB1D-4DE4-8F02-016982F5ADB8}.Release_Local|x86.ActiveCfg = Release|Any CPU
		{4FAC8F09-FB1D-4DE4-8F02-016982F5ADB8}.Release|Any CPU.ActiveCfg = Release|Any CPU
		{4FAC8F09-FB1D-4DE4-8F02-016982F5ADB8}.Release|Any CPU.Build.0 = Release|Any CPU
		{4FAC8F09-FB1D-4DE4-8F02-016982F5ADB8}.Release|x64.ActiveCfg = Release|x64
		{4FAC8F09-FB1D-4DE4-8F02-016982F5ADB8}.Release|x64.Build.0 = Release|x64
		{4FAC8F09-FB1D-4DE4-8F02-016982F5ADB8}.Release|x86.ActiveCfg = Release|Any CPU
		{CFE81BF6-15E7-47D8-BB82-B05A48A3101C}.Debug|Any CPU.ActiveCfg = Debug|Any CPU
		{CFE81BF6-15E7-47D8-BB82-B05A48A3101C}.Debug|Any CPU.Build.0 = Debug|Any CPU
		{CFE81BF6-15E7-47D8-BB82-B05A48A3101C}.Debug|x64.ActiveCfg = Debug|x64
		{CFE81BF6-15E7-47D8-BB82-B05A48A3101C}.Debug|x64.Build.0 = Debug|x64
		{CFE81BF6-15E7-47D8-BB82-B05A48A3101C}.Debug|x86.ActiveCfg = Debug|x86
		{CFE81BF6-15E7-47D8-BB82-B05A48A3101C}.Debug|x86.Build.0 = Debug|x86
		{CFE81BF6-15E7-47D8-BB82-B05A48A3101C}.Release_Local|Any CPU.ActiveCfg = Release|Any CPU
		{CFE81BF6-15E7-47D8-BB82-B05A48A3101C}.Release_Local|Any CPU.Build.0 = Release|Any CPU
		{CFE81BF6-15E7-47D8-BB82-B05A48A3101C}.Release_Local|x64.ActiveCfg = Release|x64
		{CFE81BF6-15E7-47D8-BB82-B05A48A3101C}.Release_Local|x64.Build.0 = Release|x64
		{CFE81BF6-15E7-47D8-BB82-B05A48A3101C}.Release_Local|x86.ActiveCfg = Release|Any CPU
		{CFE81BF6-15E7-47D8-BB82-B05A48A3101C}.Release|Any CPU.ActiveCfg = Release|Any CPU
		{CFE81BF6-15E7-47D8-BB82-B05A48A3101C}.Release|Any CPU.Build.0 = Release|Any CPU
		{CFE81BF6-15E7-47D8-BB82-B05A48A3101C}.Release|x64.ActiveCfg = Release|x64
		{CFE81BF6-15E7-47D8-BB82-B05A48A3101C}.Release|x64.Build.0 = Release|x64
		{CFE81BF6-15E7-47D8-BB82-B05A48A3101C}.Release|x86.ActiveCfg = Release|Any CPU
		{D4A8360B-3B88-4C70-B805-CCA91048355B}.Debug|Any CPU.ActiveCfg = Debug|Any CPU
		{D4A8360B-3B88-4C70-B805-CCA91048355B}.Debug|Any CPU.Build.0 = Debug|Any CPU
		{D4A8360B-3B88-4C70-B805-CCA91048355B}.Debug|x64.ActiveCfg = Debug|x64
		{D4A8360B-3B88-4C70-B805-CCA91048355B}.Debug|x64.Build.0 = Debug|x64
		{D4A8360B-3B88-4C70-B805-CCA91048355B}.Debug|x86.ActiveCfg = Debug|x86
		{D4A8360B-3B88-4C70-B805-CCA91048355B}.Debug|x86.Build.0 = Debug|x86
		{D4A8360B-3B88-4C70-B805-CCA91048355B}.Release_Local|Any CPU.ActiveCfg = Release|Any CPU
		{D4A8360B-3B88-4C70-B805-CCA91048355B}.Release_Local|Any CPU.Build.0 = Release|Any CPU
		{D4A8360B-3B88-4C70-B805-CCA91048355B}.Release_Local|x64.ActiveCfg = Release|x64
		{D4A8360B-3B88-4C70-B805-CCA91048355B}.Release_Local|x64.Build.0 = Release|x64
		{D4A8360B-3B88-4C70-B805-CCA91048355B}.Release_Local|x86.ActiveCfg = Release|Any CPU
		{D4A8360B-3B88-4C70-B805-CCA91048355B}.Release|Any CPU.ActiveCfg = Release|Any CPU
		{D4A8360B-3B88-4C70-B805-CCA91048355B}.Release|Any CPU.Build.0 = Release|Any CPU
		{D4A8360B-3B88-4C70-B805-CCA91048355B}.Release|x64.ActiveCfg = Release|x64
		{D4A8360B-3B88-4C70-B805-CCA91048355B}.Release|x64.Build.0 = Release|x64
		{D4A8360B-3B88-4C70-B805-CCA91048355B}.Release|x86.ActiveCfg = Release|Any CPU
		{3F56A3E0-CC18-4A00-9821-99717C0842C6}.Debug|Any CPU.ActiveCfg = Debug|x64
		{3F56A3E0-CC18-4A00-9821-99717C0842C6}.Debug|Any CPU.Build.0 = Debug|x64
		{3F56A3E0-CC18-4A00-9821-99717C0842C6}.Debug|x64.ActiveCfg = Debug|x64
		{3F56A3E0-CC18-4A00-9821-99717C0842C6}.Debug|x64.Build.0 = Debug|x64
		{3F56A3E0-CC18-4A00-9821-99717C0842C6}.Debug|x86.ActiveCfg = Debug|x86
		{3F56A3E0-CC18-4A00-9821-99717C0842C6}.Debug|x86.Build.0 = Debug|x86
		{3F56A3E0-CC18-4A00-9821-99717C0842C6}.Release_Local|Any CPU.ActiveCfg = Release|x64
		{3F56A3E0-CC18-4A00-9821-99717C0842C6}.Release_Local|Any CPU.Build.0 = Release|x64
		{3F56A3E0-CC18-4A00-9821-99717C0842C6}.Release_Local|x64.ActiveCfg = Release|x64
		{3F56A3E0-CC18-4A00-9821-99717C0842C6}.Release_Local|x64.Build.0 = Release|x64
		{3F56A3E0-CC18-4A00-9821-99717C0842C6}.Release_Local|x86.ActiveCfg = Release|x86
		{3F56A3E0-CC18-4A00-9821-99717C0842C6}.Release_Local|x86.Build.0 = Release|x86
		{3F56A3E0-CC18-4A00-9821-99717C0842C6}.Release|Any CPU.ActiveCfg = Release|x64
		{3F56A3E0-CC18-4A00-9821-99717C0842C6}.Release|Any CPU.Build.0 = Release|x64
		{3F56A3E0-CC18-4A00-9821-99717C0842C6}.Release|x64.ActiveCfg = Release|x64
		{3F56A3E0-CC18-4A00-9821-99717C0842C6}.Release|x64.Build.0 = Release|x64
		{3F56A3E0-CC18-4A00-9821-99717C0842C6}.Release|x86.ActiveCfg = Release|x86
		{3F56A3E0-CC18-4A00-9821-99717C0842C6}.Release|x86.Build.0 = Release|x86
		{B4993AD4-9100-4D97-B1EC-6F22A490146F}.Debug|Any CPU.ActiveCfg = Debug|Any CPU
		{B4993AD4-9100-4D97-B1EC-6F22A490146F}.Debug|Any CPU.Build.0 = Debug|Any CPU
		{B4993AD4-9100-4D97-B1EC-6F22A490146F}.Debug|x64.ActiveCfg = Debug|x64
		{B4993AD4-9100-4D97-B1EC-6F22A490146F}.Debug|x64.Build.0 = Debug|x64
		{B4993AD4-9100-4D97-B1EC-6F22A490146F}.Debug|x86.ActiveCfg = Debug|x86
		{B4993AD4-9100-4D97-B1EC-6F22A490146F}.Debug|x86.Build.0 = Debug|x86
		{B4993AD4-9100-4D97-B1EC-6F22A490146F}.Release_Local|Any CPU.ActiveCfg = Release|Any CPU
		{B4993AD4-9100-4D97-B1EC-6F22A490146F}.Release_Local|Any CPU.Build.0 = Release|Any CPU
		{B4993AD4-9100-4D97-B1EC-6F22A490146F}.Release_Local|x64.ActiveCfg = Release|x64
		{B4993AD4-9100-4D97-B1EC-6F22A490146F}.Release_Local|x64.Build.0 = Release|x64
		{B4993AD4-9100-4D97-B1EC-6F22A490146F}.Release_Local|x86.ActiveCfg = Release|Any CPU
		{B4993AD4-9100-4D97-B1EC-6F22A490146F}.Release|Any CPU.ActiveCfg = Release|Any CPU
		{B4993AD4-9100-4D97-B1EC-6F22A490146F}.Release|Any CPU.Build.0 = Release|Any CPU
		{B4993AD4-9100-4D97-B1EC-6F22A490146F}.Release|x64.ActiveCfg = Release|x64
		{B4993AD4-9100-4D97-B1EC-6F22A490146F}.Release|x64.Build.0 = Release|x64
		{B4993AD4-9100-4D97-B1EC-6F22A490146F}.Release|x86.ActiveCfg = Release|Any CPU
		{5DA45F61-0DCD-4095-AAFD-C4B507BAAD70}.Debug|Any CPU.ActiveCfg = Debug|Any CPU
		{5DA45F61-0DCD-4095-AAFD-C4B507BAAD70}.Debug|Any CPU.Build.0 = Debug|Any CPU
		{5DA45F61-0DCD-4095-AAFD-C4B507BAAD70}.Debug|x64.ActiveCfg = Debug|x64
		{5DA45F61-0DCD-4095-AAFD-C4B507BAAD70}.Debug|x64.Build.0 = Debug|x64
		{5DA45F61-0DCD-4095-AAFD-C4B507BAAD70}.Debug|x86.ActiveCfg = Debug|x86
		{5DA45F61-0DCD-4095-AAFD-C4B507BAAD70}.Debug|x86.Build.0 = Debug|x86
		{5DA45F61-0DCD-4095-AAFD-C4B507BAAD70}.Release_Local|Any CPU.ActiveCfg = Release|Any CPU
		{5DA45F61-0DCD-4095-AAFD-C4B507BAAD70}.Release_Local|Any CPU.Build.0 = Release|Any CPU
		{5DA45F61-0DCD-4095-AAFD-C4B507BAAD70}.Release_Local|x64.ActiveCfg = Release|x64
		{5DA45F61-0DCD-4095-AAFD-C4B507BAAD70}.Release_Local|x64.Build.0 = Release|x64
		{5DA45F61-0DCD-4095-AAFD-C4B507BAAD70}.Release_Local|x86.ActiveCfg = Release|Any CPU
		{5DA45F61-0DCD-4095-AAFD-C4B507BAAD70}.Release|Any CPU.ActiveCfg = Release|Any CPU
		{5DA45F61-0DCD-4095-AAFD-C4B507BAAD70}.Release|Any CPU.Build.0 = Release|Any CPU
		{5DA45F61-0DCD-4095-AAFD-C4B507BAAD70}.Release|x64.ActiveCfg = Release|x64
		{5DA45F61-0DCD-4095-AAFD-C4B507BAAD70}.Release|x64.Build.0 = Release|x64
		{5DA45F61-0DCD-4095-AAFD-C4B507BAAD70}.Release|x86.ActiveCfg = Release|Any CPU
		{B345321C-8C74-4358-ADF0-145BCA874D51}.Debug|Any CPU.ActiveCfg = Debug|Any CPU
		{B345321C-8C74-4358-ADF0-145BCA874D51}.Debug|Any CPU.Build.0 = Debug|Any CPU
		{B345321C-8C74-4358-ADF0-145BCA874D51}.Debug|x64.ActiveCfg = Debug|x64
		{B345321C-8C74-4358-ADF0-145BCA874D51}.Debug|x64.Build.0 = Debug|x64
		{B345321C-8C74-4358-ADF0-145BCA874D51}.Debug|x86.ActiveCfg = Debug|x86
		{B345321C-8C74-4358-ADF0-145BCA874D51}.Debug|x86.Build.0 = Debug|x86
		{B345321C-8C74-4358-ADF0-145BCA874D51}.Release_Local|Any CPU.ActiveCfg = Release|Any CPU
		{B345321C-8C74-4358-ADF0-145BCA874D51}.Release_Local|Any CPU.Build.0 = Release|Any CPU
		{B345321C-8C74-4358-ADF0-145BCA874D51}.Release_Local|x64.ActiveCfg = Release|x64
		{B345321C-8C74-4358-ADF0-145BCA874D51}.Release_Local|x64.Build.0 = Release|x64
		{B345321C-8C74-4358-ADF0-145BCA874D51}.Release_Local|x86.ActiveCfg = Release|Any CPU
		{B345321C-8C74-4358-ADF0-145BCA874D51}.Release|Any CPU.ActiveCfg = Release|Any CPU
		{B345321C-8C74-4358-ADF0-145BCA874D51}.Release|Any CPU.Build.0 = Release|Any CPU
		{B345321C-8C74-4358-ADF0-145BCA874D51}.Release|x64.ActiveCfg = Release|x64
		{B345321C-8C74-4358-ADF0-145BCA874D51}.Release|x64.Build.0 = Release|x64
		{B345321C-8C74-4358-ADF0-145BCA874D51}.Release|x86.ActiveCfg = Release|Any CPU
		{4A8897CE-A568-4E6C-8170-ECC2686CCE7C}.Debug|Any CPU.ActiveCfg = Debug|Any CPU
		{4A8897CE-A568-4E6C-8170-ECC2686CCE7C}.Debug|Any CPU.Build.0 = Debug|Any CPU
		{4A8897CE-A568-4E6C-8170-ECC2686CCE7C}.Debug|x64.ActiveCfg = Debug|x64
		{4A8897CE-A568-4E6C-8170-ECC2686CCE7C}.Debug|x64.Build.0 = Debug|x64
		{4A8897CE-A568-4E6C-8170-ECC2686CCE7C}.Debug|x86.ActiveCfg = Debug|x86
		{4A8897CE-A568-4E6C-8170-ECC2686CCE7C}.Debug|x86.Build.0 = Debug|x86
		{4A8897CE-A568-4E6C-8170-ECC2686CCE7C}.Release_Local|Any CPU.ActiveCfg = Release|Any CPU
		{4A8897CE-A568-4E6C-8170-ECC2686CCE7C}.Release_Local|Any CPU.Build.0 = Release|Any CPU
		{4A8897CE-A568-4E6C-8170-ECC2686CCE7C}.Release_Local|x64.ActiveCfg = Release|x64
		{4A8897CE-A568-4E6C-8170-ECC2686CCE7C}.Release_Local|x64.Build.0 = Release|x64
		{4A8897CE-A568-4E6C-8170-ECC2686CCE7C}.Release_Local|x86.ActiveCfg = Release|Any CPU
		{4A8897CE-A568-4E6C-8170-ECC2686CCE7C}.Release|Any CPU.ActiveCfg = Release|Any CPU
		{4A8897CE-A568-4E6C-8170-ECC2686CCE7C}.Release|Any CPU.Build.0 = Release|Any CPU
		{4A8897CE-A568-4E6C-8170-ECC2686CCE7C}.Release|x64.ActiveCfg = Release|x64
		{4A8897CE-A568-4E6C-8170-ECC2686CCE7C}.Release|x64.Build.0 = Release|x64
		{4A8897CE-A568-4E6C-8170-ECC2686CCE7C}.Release|x86.ActiveCfg = Release|Any CPU
		{331631EB-58F6-4234-88B0-2D88EA5F8B8C}.Debug|Any CPU.ActiveCfg = Debug|Any CPU
		{331631EB-58F6-4234-88B0-2D88EA5F8B8C}.Debug|Any CPU.Build.0 = Debug|Any CPU
		{331631EB-58F6-4234-88B0-2D88EA5F8B8C}.Debug|x64.ActiveCfg = Debug|x64
		{331631EB-58F6-4234-88B0-2D88EA5F8B8C}.Debug|x64.Build.0 = Debug|x64
		{331631EB-58F6-4234-88B0-2D88EA5F8B8C}.Debug|x86.ActiveCfg = Debug|x86
		{331631EB-58F6-4234-88B0-2D88EA5F8B8C}.Debug|x86.Build.0 = Debug|x86
		{331631EB-58F6-4234-88B0-2D88EA5F8B8C}.Release_Local|Any CPU.ActiveCfg = Release|Any CPU
		{331631EB-58F6-4234-88B0-2D88EA5F8B8C}.Release_Local|Any CPU.Build.0 = Release|Any CPU
		{331631EB-58F6-4234-88B0-2D88EA5F8B8C}.Release_Local|x64.ActiveCfg = Release|x64
		{331631EB-58F6-4234-88B0-2D88EA5F8B8C}.Release_Local|x64.Build.0 = Release|x64
		{331631EB-58F6-4234-88B0-2D88EA5F8B8C}.Release_Local|x86.ActiveCfg = Release|Any CPU
		{331631EB-58F6-4234-88B0-2D88EA5F8B8C}.Release|Any CPU.ActiveCfg = Release|Any CPU
		{331631EB-58F6-4234-88B0-2D88EA5F8B8C}.Release|Any CPU.Build.0 = Release|Any CPU
		{331631EB-58F6-4234-88B0-2D88EA5F8B8C}.Release|x64.ActiveCfg = Release|x64
		{331631EB-58F6-4234-88B0-2D88EA5F8B8C}.Release|x64.Build.0 = Release|x64
		{331631EB-58F6-4234-88B0-2D88EA5F8B8C}.Release|x86.ActiveCfg = Release|Any CPU
		{9C6BA1DC-2924-4290-B85B-4F9C95702F3E}.Debug|Any CPU.ActiveCfg = Debug|Any CPU
		{9C6BA1DC-2924-4290-B85B-4F9C95702F3E}.Debug|Any CPU.Build.0 = Debug|Any CPU
		{9C6BA1DC-2924-4290-B85B-4F9C95702F3E}.Debug|x64.ActiveCfg = Debug|x64
		{9C6BA1DC-2924-4290-B85B-4F9C95702F3E}.Debug|x64.Build.0 = Debug|x64
		{9C6BA1DC-2924-4290-B85B-4F9C95702F3E}.Debug|x86.ActiveCfg = Debug|x86
		{9C6BA1DC-2924-4290-B85B-4F9C95702F3E}.Debug|x86.Build.0 = Debug|x86
		{9C6BA1DC-2924-4290-B85B-4F9C95702F3E}.Release_Local|Any CPU.ActiveCfg = Release|Any CPU
		{9C6BA1DC-2924-4290-B85B-4F9C95702F3E}.Release_Local|Any CPU.Build.0 = Release|Any CPU
		{9C6BA1DC-2924-4290-B85B-4F9C95702F3E}.Release_Local|x64.ActiveCfg = Release|x64
		{9C6BA1DC-2924-4290-B85B-4F9C95702F3E}.Release_Local|x64.Build.0 = Release|x64
		{9C6BA1DC-2924-4290-B85B-4F9C95702F3E}.Release_Local|x86.ActiveCfg = Release|Any CPU
		{9C6BA1DC-2924-4290-B85B-4F9C95702F3E}.Release|Any CPU.ActiveCfg = Release|Any CPU
		{9C6BA1DC-2924-4290-B85B-4F9C95702F3E}.Release|Any CPU.Build.0 = Release|Any CPU
		{9C6BA1DC-2924-4290-B85B-4F9C95702F3E}.Release|x64.ActiveCfg = Release|x64
		{9C6BA1DC-2924-4290-B85B-4F9C95702F3E}.Release|x64.Build.0 = Release|x64
		{9C6BA1DC-2924-4290-B85B-4F9C95702F3E}.Release|x86.ActiveCfg = Release|Any CPU
		{8B8919C8-97DF-42F2-B3DD-60CAF2D8A799}.Debug|Any CPU.ActiveCfg = Debug|Any CPU
		{8B8919C8-97DF-42F2-B3DD-60CAF2D8A799}.Debug|Any CPU.Build.0 = Debug|Any CPU
		{8B8919C8-97DF-42F2-B3DD-60CAF2D8A799}.Debug|x64.ActiveCfg = Debug|x64
		{8B8919C8-97DF-42F2-B3DD-60CAF2D8A799}.Debug|x64.Build.0 = Debug|x64
		{8B8919C8-97DF-42F2-B3DD-60CAF2D8A799}.Debug|x86.ActiveCfg = Debug|x86
		{8B8919C8-97DF-42F2-B3DD-60CAF2D8A799}.Debug|x86.Build.0 = Debug|x86
		{8B8919C8-97DF-42F2-B3DD-60CAF2D8A799}.Release_Local|Any CPU.ActiveCfg = Release|Any CPU
		{8B8919C8-97DF-42F2-B3DD-60CAF2D8A799}.Release_Local|Any CPU.Build.0 = Release|Any CPU
		{8B8919C8-97DF-42F2-B3DD-60CAF2D8A799}.Release_Local|x64.ActiveCfg = Release|x64
		{8B8919C8-97DF-42F2-B3DD-60CAF2D8A799}.Release_Local|x64.Build.0 = Release|x64
		{8B8919C8-97DF-42F2-B3DD-60CAF2D8A799}.Release_Local|x86.ActiveCfg = Release|Any CPU
		{8B8919C8-97DF-42F2-B3DD-60CAF2D8A799}.Release|Any CPU.ActiveCfg = Release|Any CPU
		{8B8919C8-97DF-42F2-B3DD-60CAF2D8A799}.Release|Any CPU.Build.0 = Release|Any CPU
		{8B8919C8-97DF-42F2-B3DD-60CAF2D8A799}.Release|x64.ActiveCfg = Release|x64
		{8B8919C8-97DF-42F2-B3DD-60CAF2D8A799}.Release|x64.Build.0 = Release|x64
		{8B8919C8-97DF-42F2-B3DD-60CAF2D8A799}.Release|x86.ActiveCfg = Release|Any CPU
		{80CD7062-B04A-418E-ACAD-3C81C9DC458E}.Debug|Any CPU.ActiveCfg = Debug|Any CPU
		{80CD7062-B04A-418E-ACAD-3C81C9DC458E}.Debug|Any CPU.Build.0 = Debug|Any CPU
		{80CD7062-B04A-418E-ACAD-3C81C9DC458E}.Debug|x64.ActiveCfg = Debug|x64
		{80CD7062-B04A-418E-ACAD-3C81C9DC458E}.Debug|x64.Build.0 = Debug|x64
		{80CD7062-B04A-418E-ACAD-3C81C9DC458E}.Debug|x86.ActiveCfg = Debug|x86
		{80CD7062-B04A-418E-ACAD-3C81C9DC458E}.Debug|x86.Build.0 = Debug|x86
		{80CD7062-B04A-418E-ACAD-3C81C9DC458E}.Release_Local|Any CPU.ActiveCfg = Release|Any CPU
		{80CD7062-B04A-418E-ACAD-3C81C9DC458E}.Release_Local|Any CPU.Build.0 = Release|Any CPU
		{80CD7062-B04A-418E-ACAD-3C81C9DC458E}.Release_Local|x64.ActiveCfg = Release|x64
		{80CD7062-B04A-418E-ACAD-3C81C9DC458E}.Release_Local|x64.Build.0 = Release|x64
		{80CD7062-B04A-418E-ACAD-3C81C9DC458E}.Release_Local|x86.ActiveCfg = Release|Any CPU
		{80CD7062-B04A-418E-ACAD-3C81C9DC458E}.Release|Any CPU.ActiveCfg = Release|Any CPU
		{80CD7062-B04A-418E-ACAD-3C81C9DC458E}.Release|Any CPU.Build.0 = Release|Any CPU
		{80CD7062-B04A-418E-ACAD-3C81C9DC458E}.Release|x64.ActiveCfg = Release|x64
		{80CD7062-B04A-418E-ACAD-3C81C9DC458E}.Release|x64.Build.0 = Release|x64
		{80CD7062-B04A-418E-ACAD-3C81C9DC458E}.Release|x86.ActiveCfg = Release|Any CPU
		{A4D0366B-51B1-48BC-A941-8764DD09C3F0}.Debug|Any CPU.ActiveCfg = Debug|Any CPU
		{A4D0366B-51B1-48BC-A941-8764DD09C3F0}.Debug|Any CPU.Build.0 = Debug|Any CPU
		{A4D0366B-51B1-48BC-A941-8764DD09C3F0}.Debug|x64.ActiveCfg = Debug|x64
		{A4D0366B-51B1-48BC-A941-8764DD09C3F0}.Debug|x64.Build.0 = Debug|x64
		{A4D0366B-51B1-48BC-A941-8764DD09C3F0}.Debug|x86.ActiveCfg = Debug|x86
		{A4D0366B-51B1-48BC-A941-8764DD09C3F0}.Debug|x86.Build.0 = Debug|x86
		{A4D0366B-51B1-48BC-A941-8764DD09C3F0}.Release_Local|Any CPU.ActiveCfg = Release|Any CPU
		{A4D0366B-51B1-48BC-A941-8764DD09C3F0}.Release_Local|Any CPU.Build.0 = Release|Any CPU
		{A4D0366B-51B1-48BC-A941-8764DD09C3F0}.Release_Local|x64.ActiveCfg = Release|x64
		{A4D0366B-51B1-48BC-A941-8764DD09C3F0}.Release_Local|x64.Build.0 = Release|x64
		{A4D0366B-51B1-48BC-A941-8764DD09C3F0}.Release_Local|x86.ActiveCfg = Release|Any CPU
		{A4D0366B-51B1-48BC-A941-8764DD09C3F0}.Release|Any CPU.ActiveCfg = Release|Any CPU
		{A4D0366B-51B1-48BC-A941-8764DD09C3F0}.Release|Any CPU.Build.0 = Release|Any CPU
		{A4D0366B-51B1-48BC-A941-8764DD09C3F0}.Release|x64.ActiveCfg = Release|x64
		{A4D0366B-51B1-48BC-A941-8764DD09C3F0}.Release|x64.Build.0 = Release|x64
		{A4D0366B-51B1-48BC-A941-8764DD09C3F0}.Release|x86.ActiveCfg = Release|Any CPU
		{112DC193-6141-4E48-8073-5EA381AD3F67}.Debug|Any CPU.ActiveCfg = Debug|Any CPU
		{112DC193-6141-4E48-8073-5EA381AD3F67}.Debug|Any CPU.Build.0 = Debug|Any CPU
		{112DC193-6141-4E48-8073-5EA381AD3F67}.Debug|x64.ActiveCfg = Debug|x64
		{112DC193-6141-4E48-8073-5EA381AD3F67}.Debug|x64.Build.0 = Debug|x64
		{112DC193-6141-4E48-8073-5EA381AD3F67}.Debug|x86.ActiveCfg = Debug|x86
		{112DC193-6141-4E48-8073-5EA381AD3F67}.Debug|x86.Build.0 = Debug|x86
		{112DC193-6141-4E48-8073-5EA381AD3F67}.Release_Local|Any CPU.ActiveCfg = Release|Any CPU
		{112DC193-6141-4E48-8073-5EA381AD3F67}.Release_Local|Any CPU.Build.0 = Release|Any CPU
		{112DC193-6141-4E48-8073-5EA381AD3F67}.Release_Local|x64.ActiveCfg = Release|x64
		{112DC193-6141-4E48-8073-5EA381AD3F67}.Release_Local|x64.Build.0 = Release|x64
		{112DC193-6141-4E48-8073-5EA381AD3F67}.Release_Local|x86.ActiveCfg = Release|Any CPU
		{112DC193-6141-4E48-8073-5EA381AD3F67}.Release|Any CPU.ActiveCfg = Release|Any CPU
		{112DC193-6141-4E48-8073-5EA381AD3F67}.Release|Any CPU.Build.0 = Release|Any CPU
		{112DC193-6141-4E48-8073-5EA381AD3F67}.Release|x64.ActiveCfg = Release|x64
		{112DC193-6141-4E48-8073-5EA381AD3F67}.Release|x64.Build.0 = Release|x64
		{112DC193-6141-4E48-8073-5EA381AD3F67}.Release|x86.ActiveCfg = Release|Any CPU
		{888089EE-C9E8-41BB-BA13-C7520327C1AC}.Debug|Any CPU.ActiveCfg = Debug|Any CPU
		{888089EE-C9E8-41BB-BA13-C7520327C1AC}.Debug|Any CPU.Build.0 = Debug|Any CPU
		{888089EE-C9E8-41BB-BA13-C7520327C1AC}.Debug|x64.ActiveCfg = Debug|x64
		{888089EE-C9E8-41BB-BA13-C7520327C1AC}.Debug|x64.Build.0 = Debug|x64
		{888089EE-C9E8-41BB-BA13-C7520327C1AC}.Debug|x86.ActiveCfg = Debug|x86
		{888089EE-C9E8-41BB-BA13-C7520327C1AC}.Debug|x86.Build.0 = Debug|x86
		{888089EE-C9E8-41BB-BA13-C7520327C1AC}.Release_Local|Any CPU.ActiveCfg = Release|Any CPU
		{888089EE-C9E8-41BB-BA13-C7520327C1AC}.Release_Local|Any CPU.Build.0 = Release|Any CPU
		{888089EE-C9E8-41BB-BA13-C7520327C1AC}.Release_Local|x64.ActiveCfg = Release|x64
		{888089EE-C9E8-41BB-BA13-C7520327C1AC}.Release_Local|x64.Build.0 = Release|x64
		{888089EE-C9E8-41BB-BA13-C7520327C1AC}.Release_Local|x86.ActiveCfg = Release|Any CPU
		{888089EE-C9E8-41BB-BA13-C7520327C1AC}.Release|Any CPU.ActiveCfg = Release|Any CPU
		{888089EE-C9E8-41BB-BA13-C7520327C1AC}.Release|Any CPU.Build.0 = Release|Any CPU
		{888089EE-C9E8-41BB-BA13-C7520327C1AC}.Release|x64.ActiveCfg = Release|x64
		{888089EE-C9E8-41BB-BA13-C7520327C1AC}.Release|x64.Build.0 = Release|x64
		{888089EE-C9E8-41BB-BA13-C7520327C1AC}.Release|x86.ActiveCfg = Release|Any CPU
		{49AF7C0F-CFF5-4917-8A46-7E042F63815C}.Debug|Any CPU.ActiveCfg = Debug|x64
		{49AF7C0F-CFF5-4917-8A46-7E042F63815C}.Debug|Any CPU.Build.0 = Debug|x64
		{49AF7C0F-CFF5-4917-8A46-7E042F63815C}.Debug|x64.ActiveCfg = Debug|x64
		{49AF7C0F-CFF5-4917-8A46-7E042F63815C}.Debug|x64.Build.0 = Debug|x64
		{49AF7C0F-CFF5-4917-8A46-7E042F63815C}.Debug|x86.ActiveCfg = Debug|x64
		{49AF7C0F-CFF5-4917-8A46-7E042F63815C}.Debug|x86.Build.0 = Debug|x64
		{49AF7C0F-CFF5-4917-8A46-7E042F63815C}.Release_Local|Any CPU.ActiveCfg = Release|x64
		{49AF7C0F-CFF5-4917-8A46-7E042F63815C}.Release_Local|Any CPU.Build.0 = Release|x64
		{49AF7C0F-CFF5-4917-8A46-7E042F63815C}.Release_Local|x64.ActiveCfg = Release|x64
		{49AF7C0F-CFF5-4917-8A46-7E042F63815C}.Release_Local|x64.Build.0 = Release|x64
		{49AF7C0F-CFF5-4917-8A46-7E042F63815C}.Release_Local|x86.ActiveCfg = Release|x86
		{49AF7C0F-CFF5-4917-8A46-7E042F63815C}.Release_Local|x86.Build.0 = Release|x86
		{49AF7C0F-CFF5-4917-8A46-7E042F63815C}.Release|Any CPU.ActiveCfg = Release|x64
		{49AF7C0F-CFF5-4917-8A46-7E042F63815C}.Release|Any CPU.Build.0 = Release|x64
		{49AF7C0F-CFF5-4917-8A46-7E042F63815C}.Release|x64.ActiveCfg = Release|x64
		{49AF7C0F-CFF5-4917-8A46-7E042F63815C}.Release|x64.Build.0 = Release|x64
		{49AF7C0F-CFF5-4917-8A46-7E042F63815C}.Release|x86.ActiveCfg = Release|x64
		{49AF7C0F-CFF5-4917-8A46-7E042F63815C}.Release|x86.Build.0 = Release|x64
		{FCFBAA97-35D2-4181-BE71-03B183D811E5}.Debug|Any CPU.ActiveCfg = Debug|Any CPU
		{FCFBAA97-35D2-4181-BE71-03B183D811E5}.Debug|Any CPU.Build.0 = Debug|Any CPU
		{FCFBAA97-35D2-4181-BE71-03B183D811E5}.Debug|x64.ActiveCfg = Debug|x64
		{FCFBAA97-35D2-4181-BE71-03B183D811E5}.Debug|x64.Build.0 = Debug|x64
		{FCFBAA97-35D2-4181-BE71-03B183D811E5}.Debug|x86.ActiveCfg = Debug|x86
		{FCFBAA97-35D2-4181-BE71-03B183D811E5}.Debug|x86.Build.0 = Debug|x86
		{FCFBAA97-35D2-4181-BE71-03B183D811E5}.Release_Local|Any CPU.ActiveCfg = Release|Any CPU
		{FCFBAA97-35D2-4181-BE71-03B183D811E5}.Release_Local|Any CPU.Build.0 = Release|Any CPU
		{FCFBAA97-35D2-4181-BE71-03B183D811E5}.Release_Local|x64.ActiveCfg = Release|x64
		{FCFBAA97-35D2-4181-BE71-03B183D811E5}.Release_Local|x64.Build.0 = Release|x64
		{FCFBAA97-35D2-4181-BE71-03B183D811E5}.Release_Local|x86.ActiveCfg = Release|Any CPU
		{FCFBAA97-35D2-4181-BE71-03B183D811E5}.Release|Any CPU.ActiveCfg = Release|Any CPU
		{FCFBAA97-35D2-4181-BE71-03B183D811E5}.Release|Any CPU.Build.0 = Release|Any CPU
		{FCFBAA97-35D2-4181-BE71-03B183D811E5}.Release|x64.ActiveCfg = Release|x64
		{FCFBAA97-35D2-4181-BE71-03B183D811E5}.Release|x64.Build.0 = Release|x64
		{FCFBAA97-35D2-4181-BE71-03B183D811E5}.Release|x86.ActiveCfg = Release|Any CPU
		{36565C6C-704D-4836-822F-FBBA76EE2FA6}.Debug|Any CPU.ActiveCfg = Debug|Any CPU
		{36565C6C-704D-4836-822F-FBBA76EE2FA6}.Debug|Any CPU.Build.0 = Debug|Any CPU
		{36565C6C-704D-4836-822F-FBBA76EE2FA6}.Debug|x64.ActiveCfg = Debug|x64
		{36565C6C-704D-4836-822F-FBBA76EE2FA6}.Debug|x64.Build.0 = Debug|x64
		{36565C6C-704D-4836-822F-FBBA76EE2FA6}.Debug|x86.ActiveCfg = Debug|x86
		{36565C6C-704D-4836-822F-FBBA76EE2FA6}.Debug|x86.Build.0 = Debug|x86
		{36565C6C-704D-4836-822F-FBBA76EE2FA6}.Release_Local|Any CPU.ActiveCfg = Release|Any CPU
		{36565C6C-704D-4836-822F-FBBA76EE2FA6}.Release_Local|Any CPU.Build.0 = Release|Any CPU
		{36565C6C-704D-4836-822F-FBBA76EE2FA6}.Release_Local|x64.ActiveCfg = Release|x64
		{36565C6C-704D-4836-822F-FBBA76EE2FA6}.Release_Local|x64.Build.0 = Release|x64
		{36565C6C-704D-4836-822F-FBBA76EE2FA6}.Release_Local|x86.ActiveCfg = Release|Any CPU
		{36565C6C-704D-4836-822F-FBBA76EE2FA6}.Release|Any CPU.ActiveCfg = Release|Any CPU
		{36565C6C-704D-4836-822F-FBBA76EE2FA6}.Release|Any CPU.Build.0 = Release|Any CPU
		{36565C6C-704D-4836-822F-FBBA76EE2FA6}.Release|x64.ActiveCfg = Release|x64
		{36565C6C-704D-4836-822F-FBBA76EE2FA6}.Release|x64.Build.0 = Release|x64
		{36565C6C-704D-4836-822F-FBBA76EE2FA6}.Release|x86.ActiveCfg = Release|Any CPU
		{A1F28EE8-44CC-4547-AFCB-AB0465FFA8C9}.Debug|Any CPU.ActiveCfg = Debug|Any CPU
		{A1F28EE8-44CC-4547-AFCB-AB0465FFA8C9}.Debug|Any CPU.Build.0 = Debug|Any CPU
		{A1F28EE8-44CC-4547-AFCB-AB0465FFA8C9}.Debug|x64.ActiveCfg = Debug|x64
		{A1F28EE8-44CC-4547-AFCB-AB0465FFA8C9}.Debug|x64.Build.0 = Debug|x64
		{A1F28EE8-44CC-4547-AFCB-AB0465FFA8C9}.Debug|x86.ActiveCfg = Debug|x86
		{A1F28EE8-44CC-4547-AFCB-AB0465FFA8C9}.Debug|x86.Build.0 = Debug|x86
		{A1F28EE8-44CC-4547-AFCB-AB0465FFA8C9}.Release_Local|Any CPU.ActiveCfg = Release|Any CPU
		{A1F28EE8-44CC-4547-AFCB-AB0465FFA8C9}.Release_Local|Any CPU.Build.0 = Release|Any CPU
		{A1F28EE8-44CC-4547-AFCB-AB0465FFA8C9}.Release_Local|x64.ActiveCfg = Release|x64
		{A1F28EE8-44CC-4547-AFCB-AB0465FFA8C9}.Release_Local|x64.Build.0 = Release|x64
		{A1F28EE8-44CC-4547-AFCB-AB0465FFA8C9}.Release_Local|x86.ActiveCfg = Release|Any CPU
		{A1F28EE8-44CC-4547-AFCB-AB0465FFA8C9}.Release|Any CPU.ActiveCfg = Release|Any CPU
		{A1F28EE8-44CC-4547-AFCB-AB0465FFA8C9}.Release|Any CPU.Build.0 = Release|Any CPU
		{A1F28EE8-44CC-4547-AFCB-AB0465FFA8C9}.Release|x64.ActiveCfg = Release|x64
		{A1F28EE8-44CC-4547-AFCB-AB0465FFA8C9}.Release|x64.Build.0 = Release|x64
		{A1F28EE8-44CC-4547-AFCB-AB0465FFA8C9}.Release|x86.ActiveCfg = Release|Any CPU
		{3C8B3A35-C13A-496A-AF83-C4B63DE59EB4}.Debug|Any CPU.ActiveCfg = Debug|Any CPU
		{3C8B3A35-C13A-496A-AF83-C4B63DE59EB4}.Debug|Any CPU.Build.0 = Debug|Any CPU
		{3C8B3A35-C13A-496A-AF83-C4B63DE59EB4}.Debug|x64.ActiveCfg = Debug|x64
		{3C8B3A35-C13A-496A-AF83-C4B63DE59EB4}.Debug|x64.Build.0 = Debug|x64
		{3C8B3A35-C13A-496A-AF83-C4B63DE59EB4}.Debug|x86.ActiveCfg = Debug|x86
		{3C8B3A35-C13A-496A-AF83-C4B63DE59EB4}.Debug|x86.Build.0 = Debug|x86
		{3C8B3A35-C13A-496A-AF83-C4B63DE59EB4}.Release_Local|Any CPU.ActiveCfg = Release|Any CPU
		{3C8B3A35-C13A-496A-AF83-C4B63DE59EB4}.Release_Local|Any CPU.Build.0 = Release|Any CPU
		{3C8B3A35-C13A-496A-AF83-C4B63DE59EB4}.Release_Local|x64.ActiveCfg = Release|x64
		{3C8B3A35-C13A-496A-AF83-C4B63DE59EB4}.Release_Local|x64.Build.0 = Release|x64
		{3C8B3A35-C13A-496A-AF83-C4B63DE59EB4}.Release_Local|x86.ActiveCfg = Release|Any CPU
		{3C8B3A35-C13A-496A-AF83-C4B63DE59EB4}.Release_Local|x86.Build.0 = Release|Any CPU
		{3C8B3A35-C13A-496A-AF83-C4B63DE59EB4}.Release|Any CPU.ActiveCfg = Release|Any CPU
		{3C8B3A35-C13A-496A-AF83-C4B63DE59EB4}.Release|Any CPU.Build.0 = Release|Any CPU
		{3C8B3A35-C13A-496A-AF83-C4B63DE59EB4}.Release|x64.ActiveCfg = Release|x64
		{3C8B3A35-C13A-496A-AF83-C4B63DE59EB4}.Release|x64.Build.0 = Release|x64
		{3C8B3A35-C13A-496A-AF83-C4B63DE59EB4}.Release|x86.ActiveCfg = Release|Any CPU
		{3C8B3A35-C13A-496A-AF83-C4B63DE59EB4}.Release|x86.Build.0 = Release|Any CPU
		{A073027C-3CDA-4F05-8ED1-A58E564E746E}.Debug|Any CPU.ActiveCfg = Debug|Any CPU
		{A073027C-3CDA-4F05-8ED1-A58E564E746E}.Debug|Any CPU.Build.0 = Debug|Any CPU
		{A073027C-3CDA-4F05-8ED1-A58E564E746E}.Debug|x64.ActiveCfg = Debug|x64
		{A073027C-3CDA-4F05-8ED1-A58E564E746E}.Debug|x64.Build.0 = Debug|x64
		{A073027C-3CDA-4F05-8ED1-A58E564E746E}.Debug|x86.ActiveCfg = Debug|x86
		{A073027C-3CDA-4F05-8ED1-A58E564E746E}.Debug|x86.Build.0 = Debug|x86
		{A073027C-3CDA-4F05-8ED1-A58E564E746E}.Release_Local|Any CPU.ActiveCfg = Release|Any CPU
		{A073027C-3CDA-4F05-8ED1-A58E564E746E}.Release_Local|Any CPU.Build.0 = Release|Any CPU
		{A073027C-3CDA-4F05-8ED1-A58E564E746E}.Release_Local|x64.ActiveCfg = Release|x64
		{A073027C-3CDA-4F05-8ED1-A58E564E746E}.Release_Local|x64.Build.0 = Release|x64
		{A073027C-3CDA-4F05-8ED1-A58E564E746E}.Release_Local|x86.ActiveCfg = Release|x86
		{A073027C-3CDA-4F05-8ED1-A58E564E746E}.Release_Local|x86.Build.0 = Release|x86
		{A073027C-3CDA-4F05-8ED1-A58E564E746E}.Release|Any CPU.ActiveCfg = Release|Any CPU
		{A073027C-3CDA-4F05-8ED1-A58E564E746E}.Release|Any CPU.Build.0 = Release|Any CPU
		{A073027C-3CDA-4F05-8ED1-A58E564E746E}.Release|x64.ActiveCfg = Release|x64
		{A073027C-3CDA-4F05-8ED1-A58E564E746E}.Release|x64.Build.0 = Release|x64
		{A073027C-3CDA-4F05-8ED1-A58E564E746E}.Release|x86.ActiveCfg = Release|x86
		{A073027C-3CDA-4F05-8ED1-A58E564E746E}.Release|x86.Build.0 = Release|x86
		{0CD58BFC-1101-4542-8A43-5B8BF42A524D}.Debug|Any CPU.ActiveCfg = Debug|x64
		{0CD58BFC-1101-4542-8A43-5B8BF42A524D}.Debug|Any CPU.Build.0 = Debug|x64
		{0CD58BFC-1101-4542-8A43-5B8BF42A524D}.Debug|x64.ActiveCfg = Debug|x64
		{0CD58BFC-1101-4542-8A43-5B8BF42A524D}.Debug|x64.Build.0 = Debug|x64
		{0CD58BFC-1101-4542-8A43-5B8BF42A524D}.Debug|x86.ActiveCfg = Debug|x86
		{0CD58BFC-1101-4542-8A43-5B8BF42A524D}.Debug|x86.Build.0 = Debug|x86
		{0CD58BFC-1101-4542-8A43-5B8BF42A524D}.Release_Local|Any CPU.ActiveCfg = Release|x64
		{0CD58BFC-1101-4542-8A43-5B8BF42A524D}.Release_Local|Any CPU.Build.0 = Release|x64
		{0CD58BFC-1101-4542-8A43-5B8BF42A524D}.Release_Local|x64.ActiveCfg = Release|x64
		{0CD58BFC-1101-4542-8A43-5B8BF42A524D}.Release_Local|x64.Build.0 = Release|x64
		{0CD58BFC-1101-4542-8A43-5B8BF42A524D}.Release_Local|x86.ActiveCfg = Release|x86
		{0CD58BFC-1101-4542-8A43-5B8BF42A524D}.Release_Local|x86.Build.0 = Release|x86
		{0CD58BFC-1101-4542-8A43-5B8BF42A524D}.Release|Any CPU.ActiveCfg = Release|x64
		{0CD58BFC-1101-4542-8A43-5B8BF42A524D}.Release|Any CPU.Build.0 = Release|x64
		{0CD58BFC-1101-4542-8A43-5B8BF42A524D}.Release|x64.ActiveCfg = Release|x64
		{0CD58BFC-1101-4542-8A43-5B8BF42A524D}.Release|x64.Build.0 = Release|x64
		{0CD58BFC-1101-4542-8A43-5B8BF42A524D}.Release|x86.ActiveCfg = Release|x86
		{0CD58BFC-1101-4542-8A43-5B8BF42A524D}.Release|x86.Build.0 = Release|x86
		{2CB548AC-3848-4927-9037-D5499A3EA7A6}.Debug|Any CPU.ActiveCfg = Debug|x64
		{2CB548AC-3848-4927-9037-D5499A3EA7A6}.Debug|Any CPU.Build.0 = Debug|x64
		{2CB548AC-3848-4927-9037-D5499A3EA7A6}.Debug|x64.ActiveCfg = Debug|x64
		{2CB548AC-3848-4927-9037-D5499A3EA7A6}.Debug|x64.Build.0 = Debug|x64
		{2CB548AC-3848-4927-9037-D5499A3EA7A6}.Debug|x86.ActiveCfg = Debug|x86
		{2CB548AC-3848-4927-9037-D5499A3EA7A6}.Debug|x86.Build.0 = Debug|x86
		{2CB548AC-3848-4927-9037-D5499A3EA7A6}.Release_Local|Any CPU.ActiveCfg = Release|x64
		{2CB548AC-3848-4927-9037-D5499A3EA7A6}.Release_Local|Any CPU.Build.0 = Release|x64
		{2CB548AC-3848-4927-9037-D5499A3EA7A6}.Release_Local|x64.ActiveCfg = Release|x64
		{2CB548AC-3848-4927-9037-D5499A3EA7A6}.Release_Local|x64.Build.0 = Release|x64
		{2CB548AC-3848-4927-9037-D5499A3EA7A6}.Release_Local|x86.ActiveCfg = Release|x86
		{2CB548AC-3848-4927-9037-D5499A3EA7A6}.Release_Local|x86.Build.0 = Release|x86
		{2CB548AC-3848-4927-9037-D5499A3EA7A6}.Release|Any CPU.ActiveCfg = Release|x64
		{2CB548AC-3848-4927-9037-D5499A3EA7A6}.Release|Any CPU.Build.0 = Release|x64
		{2CB548AC-3848-4927-9037-D5499A3EA7A6}.Release|x64.ActiveCfg = Release|x64
		{2CB548AC-3848-4927-9037-D5499A3EA7A6}.Release|x64.Build.0 = Release|x64
		{2CB548AC-3848-4927-9037-D5499A3EA7A6}.Release|x86.ActiveCfg = Release|x86
		{2CB548AC-3848-4927-9037-D5499A3EA7A6}.Release|x86.Build.0 = Release|x86
		{69A1E444-A911-42A7-8E16-69DA8D46445B}.Debug|Any CPU.ActiveCfg = Debug|x64
		{69A1E444-A911-42A7-8E16-69DA8D46445B}.Debug|Any CPU.Build.0 = Debug|x64
		{69A1E444-A911-42A7-8E16-69DA8D46445B}.Debug|x64.ActiveCfg = Debug|x64
		{69A1E444-A911-42A7-8E16-69DA8D46445B}.Debug|x64.Build.0 = Debug|x64
		{69A1E444-A911-42A7-8E16-69DA8D46445B}.Debug|x86.ActiveCfg = Debug|x86
		{69A1E444-A911-42A7-8E16-69DA8D46445B}.Debug|x86.Build.0 = Debug|x86
		{69A1E444-A911-42A7-8E16-69DA8D46445B}.Release_Local|Any CPU.ActiveCfg = Release|x64
		{69A1E444-A911-42A7-8E16-69DA8D46445B}.Release_Local|Any CPU.Build.0 = Release|x64
		{69A1E444-A911-42A7-8E16-69DA8D46445B}.Release_Local|x64.ActiveCfg = Release|x64
		{69A1E444-A911-42A7-8E16-69DA8D46445B}.Release_Local|x64.Build.0 = Release|x64
		{69A1E444-A911-42A7-8E16-69DA8D46445B}.Release_Local|x86.ActiveCfg = Release|x86
		{69A1E444-A911-42A7-8E16-69DA8D46445B}.Release_Local|x86.Build.0 = Release|x86
		{69A1E444-A911-42A7-8E16-69DA8D46445B}.Release|Any CPU.ActiveCfg = Release|x64
		{69A1E444-A911-42A7-8E16-69DA8D46445B}.Release|Any CPU.Build.0 = Release|x64
		{69A1E444-A911-42A7-8E16-69DA8D46445B}.Release|x64.ActiveCfg = Release|x64
		{69A1E444-A911-42A7-8E16-69DA8D46445B}.Release|x64.Build.0 = Release|x64
		{69A1E444-A911-42A7-8E16-69DA8D46445B}.Release|x86.ActiveCfg = Release|x86
		{69A1E444-A911-42A7-8E16-69DA8D46445B}.Release|x86.Build.0 = Release|x86
		{F7D50E7E-10F8-43B3-AFBA-48F658FE374F}.Debug|Any CPU.ActiveCfg = Debug|Any CPU
		{F7D50E7E-10F8-43B3-AFBA-48F658FE374F}.Debug|Any CPU.Build.0 = Debug|Any CPU
		{F7D50E7E-10F8-43B3-AFBA-48F658FE374F}.Debug|x64.ActiveCfg = Debug|Any CPU
		{F7D50E7E-10F8-43B3-AFBA-48F658FE374F}.Debug|x64.Build.0 = Debug|Any CPU
		{F7D50E7E-10F8-43B3-AFBA-48F658FE374F}.Debug|x86.ActiveCfg = Debug|Any CPU
		{F7D50E7E-10F8-43B3-AFBA-48F658FE374F}.Debug|x86.Build.0 = Debug|Any CPU
		{F7D50E7E-10F8-43B3-AFBA-48F658FE374F}.Release_Local|Any CPU.ActiveCfg = Release|Any CPU
		{F7D50E7E-10F8-43B3-AFBA-48F658FE374F}.Release_Local|Any CPU.Build.0 = Release|Any CPU
		{F7D50E7E-10F8-43B3-AFBA-48F658FE374F}.Release_Local|x64.ActiveCfg = Release|Any CPU
		{F7D50E7E-10F8-43B3-AFBA-48F658FE374F}.Release_Local|x64.Build.0 = Release|Any CPU
		{F7D50E7E-10F8-43B3-AFBA-48F658FE374F}.Release_Local|x86.ActiveCfg = Release|Any CPU
		{F7D50E7E-10F8-43B3-AFBA-48F658FE374F}.Release_Local|x86.Build.0 = Release|Any CPU
		{F7D50E7E-10F8-43B3-AFBA-48F658FE374F}.Release|Any CPU.ActiveCfg = Release|Any CPU
		{F7D50E7E-10F8-43B3-AFBA-48F658FE374F}.Release|Any CPU.Build.0 = Release|Any CPU
		{F7D50E7E-10F8-43B3-AFBA-48F658FE374F}.Release|x64.ActiveCfg = Release|Any CPU
		{F7D50E7E-10F8-43B3-AFBA-48F658FE374F}.Release|x64.Build.0 = Release|Any CPU
		{F7D50E7E-10F8-43B3-AFBA-48F658FE374F}.Release|x86.ActiveCfg = Release|Any CPU
		{F7D50E7E-10F8-43B3-AFBA-48F658FE374F}.Release|x86.Build.0 = Release|Any CPU
		{39EBE739-40D5-4023-A0B2-385B187A54E4}.Debug|Any CPU.ActiveCfg = Debug|Any CPU
		{39EBE739-40D5-4023-A0B2-385B187A54E4}.Debug|Any CPU.Build.0 = Debug|Any CPU
		{39EBE739-40D5-4023-A0B2-385B187A54E4}.Debug|x64.ActiveCfg = Debug|Any CPU
		{39EBE739-40D5-4023-A0B2-385B187A54E4}.Debug|x64.Build.0 = Debug|Any CPU
		{39EBE739-40D5-4023-A0B2-385B187A54E4}.Debug|x86.ActiveCfg = Debug|Any CPU
		{39EBE739-40D5-4023-A0B2-385B187A54E4}.Debug|x86.Build.0 = Debug|Any CPU
		{39EBE739-40D5-4023-A0B2-385B187A54E4}.Release_Local|Any CPU.ActiveCfg = Release|Any CPU
		{39EBE739-40D5-4023-A0B2-385B187A54E4}.Release_Local|Any CPU.Build.0 = Release|Any CPU
		{39EBE739-40D5-4023-A0B2-385B187A54E4}.Release_Local|x64.ActiveCfg = Release|Any CPU
		{39EBE739-40D5-4023-A0B2-385B187A54E4}.Release_Local|x64.Build.0 = Release|Any CPU
		{39EBE739-40D5-4023-A0B2-385B187A54E4}.Release_Local|x86.ActiveCfg = Release|Any CPU
		{39EBE739-40D5-4023-A0B2-385B187A54E4}.Release_Local|x86.Build.0 = Release|Any CPU
		{39EBE739-40D5-4023-A0B2-385B187A54E4}.Release|Any CPU.ActiveCfg = Release|Any CPU
		{39EBE739-40D5-4023-A0B2-385B187A54E4}.Release|Any CPU.Build.0 = Release|Any CPU
		{39EBE739-40D5-4023-A0B2-385B187A54E4}.Release|x64.ActiveCfg = Release|Any CPU
		{39EBE739-40D5-4023-A0B2-385B187A54E4}.Release|x64.Build.0 = Release|Any CPU
		{39EBE739-40D5-4023-A0B2-385B187A54E4}.Release|x86.ActiveCfg = Release|Any CPU
		{39EBE739-40D5-4023-A0B2-385B187A54E4}.Release|x86.Build.0 = Release|Any CPU
	EndGlobalSection
	GlobalSection(SolutionProperties) = preSolution
		HideSolutionNode = FALSE
	EndGlobalSection
	GlobalSection(ExtensibilityGlobals) = postSolution
		SolutionGuid = {B9E64A69-09EE-4F2E-9D0F-63C7CE91C6C0}
	EndGlobalSection
EndGlobal
