
Microsoft Visual Studio Solution File, Format Version 12.00
# Visual Studio Version 17
VisualStudioVersion = 17.3.32929.385
MinimumVisualStudioVersion = 10.0.40219.1
Project("{2150E333-8FDC-42A3-9474-1A3956D46DE8}") = "Test Applications VC", "Test Applications VC", "{F91E99BA-D4AB-4FAD-B4BE-074C6417A04D}"
EndProject
Project("{8BC9CEB8-8B4A-11D0-8D11-00A0C91BC942}") = "CPPDicomObjectExample", "CPPDicomObjectExample\CPPDicomObjectExample.vcxproj", "{2063922A-409F-4807-95B2-95EADE0A41F6}"
EndProject
Project("{8BC9CEB8-8B4A-11D0-8D11-00A0C91BC942}") = "CPPEchoSCUExample", "CPPEchoSCUExample\CPPEchoSCUExample.vcxproj", "{7CA4CBBB-6C41-422D-9875-FB730C0A380E}"
EndProject
Project("{8BC9CEB8-8B4A-11D0-8D11-00A0C91BC942}") = "CPPPrintSCU", "CPPPrintSCU\CPPPrintSCU.vcxproj", "{910862B1-5E0F-4074-9DF9-B507D5C73545}"
EndProject
Project("{8BC9CEB8-8B4A-11D0-8D11-00A0C91BC942}") = "CPPQueryRetrieveSCUExample", "CPPQueryRetrieveSCUExample\CPPQueryRetrieveSCUExample.vcxproj", "{200A5116-7E30-46D1-A87A-AFC4281C6D1A}"
EndProject
Project("{8BC9CEB8-8B4A-11D0-8D11-00A0C91BC942}") = "CPPStorageSCPExample", "CPPStorageSCPExample\CPPStorageSCPExample.vcxproj", "{D86B15FA-446B-491A-B07D-7A4EEEDD2E4E}"
EndProject
Project("{8BC9CEB8-8B4A-11D0-8D11-00A0C91BC942}") = "CPPStorageSCUExample", "CPPStorageSCUExample\CPPStorageSCUExample.vcxproj", "{CBF7C313-6388-4D30-9FAF-6C7BFA32FFEF}"
EndProject
Project("{8BC9CEB8-8B4A-11D0-8D11-00A0C91BC942}") = "CPPMultithreadedServerExample", "CPPMultithreadedServerExample\CPPMultithreadedServerExample.vcxproj", "{7896CE27-BC43-4504-9333-1944BE5D9CEE}"
EndProject
Project("{8BC9CEB8-8B4A-11D0-8D11-00A0C91BC942}") = "CPPCreateImageExample", "CPPCreateImageExample\CPPCreateImageExample.vcxproj", "{8AB25EB1-94C8-4930-A4B0-0F16B261D1E5}"
EndProject
Project("{8BC9CEB8-8B4A-11D0-8D11-00A0C91BC942}") = "CPPMWLSCUExample", "CPPMWLSCUExample\CPPMWLSCUExample.vcxproj", "{093C23A1-9038-43D1-8712-E8CBEF6B5926}"
EndProject
Project("{8BC9CEB8-8B4A-11D0-8D11-00A0C91BC942}") = "CPPCreateDICOMDIRExample", "CPPCreateDICOMDIR\CPPCreateDICOMDIR.vcxproj", "{5D8D52AD-BBC6-4FAC-8D7C-D4C88C5288B5}"
EndProject
Project("{8BC9CEB8-8B4A-11D0-8D11-00A0C91BC942}") = "CPPMPPSSCUExample", "CPPMPPSSCUExample\CPPMPPSSCUExample.vcxproj", "{B4398BD5-FA02-4338-A89A-5FBD845743CE}"
EndProject
Project("{8BC9CEB8-8B4A-11D0-8D11-00A0C91BC942}") = "CPPCreateKeyObjectSelectionExample", "CPPCreateKeyObjectSelectionExample\CPPCreateKeyObjectSelectionExample.vcxproj", "{62332132-F12C-464B-AB99-84111F6EB0B8}"
EndProject
Project("{8BC9CEB8-8B4A-11D0-8D11-00A0C91BC942}") = "CPPStorageCommitmentExample", "CPPStorageCommitmentExample\CPPStorageCommitmentExample.vcxproj", "{75AF4C66-F70F-4686-91C0-DE9A7A8ED551}"
EndProject
Project("{8BC9CEB8-8B4A-11D0-8D11-00A0C91BC942}") = "CPPUS3DExample", "CPPUS3DExample\CPPUS3DExample.vcxproj", "{6F891EB2-EEAE-451E-B9DE-C07FD13F1ED9}"
EndProject
Project("{8BC9CEB8-8B4A-11D0-8D11-00A0C91BC942}") = "CPPPDF2PACS", "CPPPDF2PACS\CPPPDF2PACS.vcxproj", "{CCFC5C5D-F07F-41F2-A294-B31326B8D265}"
EndProject
Project("{8BC9CEB8-8B4A-11D0-8D11-00A0C91BC942}") = "CPPLowMemCompressionExample", "CPPLowMemCompressionExample\CPPLowMemCompressionExample.vcxproj", "{F7E8BD53-1A0E-40B8-ADC1-1E9DE4313BD0}"
EndProject
Project("{8BC9CEB8-8B4A-11D0-8D11-00A0C91BC942}") = "CPPLargeMFImageExample", "CPPLargeMFImageExample\CPPLargeMFImageExample.vcxproj", "{D6D57E6B-FB49-4A2C-BB48-61C6D57FEA17}"
EndProject
Project("{8BC9CEB8-8B4A-11D0-8D11-00A0C91BC942}") = "CPPMPEGTest", "CPPMPEGTest\CPPMPEGTest.vcxproj", "{82A82686-87AE-401C-A7A2-17EDF370A850}"
EndProject
Project("{8BC9CEB8-8B4A-11D0-8D11-00A0C91BC942}") = "CPPInMemoryStorageSCPExample", "CPPInMemoryStorageSCPExample\CPPInMemoryStorageSCPExample.vcxproj", "{D9A8B971-15D8-4B5E-9A41-DE31610F1632}"
EndProject
Project("{8BC9CEB8-8B4A-11D0-8D11-00A0C91BC942}") = "CPPLowMemMultiframeImageExample", "CPPLowMemMultiframeImageExample\CPPLowMemMultiframeImageExample.vcxproj", "{9E38CDBF-FB50-4B47-8274-0632D72134AD}"
EndProject
Project("{8BC9CEB8-8B4A-11D0-8D11-00A0C91BC942}") = "CPPMovePatientExample", "CPPMovePatientExample\CPPMovePatientExample.vcxproj", "{4C981288-E5C8-4C11-9F9D-5DBF2B3BC007}"
EndProject
Project("{8BC9CEB8-8B4A-11D0-8D11-00A0C91BC942}") = "CPPLogStreamExample", "CPPLogStreamExample\CPPLogStreamExample.vcxproj", "{30EA9FC8-8098-42AA-92A4-15AF309697E6}"
EndProject
Project("{8BC9CEB8-8B4A-11D0-8D11-00A0C91BC942}") = "CPPLogFileExample", "CPPLogFileExample\CPPLogFileExample.vcxproj", "{8211C6DC-9413-499B-A003-E0F9EB3432D0}"
EndProject
Global
	GlobalSection(SolutionConfigurationPlatforms) = preSolution
		Debug|Win32 = Debug|Win32
		Debug|x64 = Debug|x64
		Release|Win32 = Release|Win32
		Release|x64 = Release|x64
	EndGlobalSection
	GlobalSection(ProjectConfigurationPlatforms) = postSolution
		{2063922A-409F-4807-95B2-95EADE0A41F6}.Debug|Win32.ActiveCfg = Debug|Win32
		{2063922A-409F-4807-95B2-95EADE0A41F6}.Debug|Win32.Build.0 = Debug|Win32
		{2063922A-409F-4807-95B2-95EADE0A41F6}.Debug|x64.ActiveCfg = Debug|x64
		{2063922A-409F-4807-95B2-95EADE0A41F6}.Debug|x64.Build.0 = Debug|x64
		{2063922A-409F-4807-95B2-95EADE0A41F6}.Release|Win32.ActiveCfg = Release|Win32
		{2063922A-409F-4807-95B2-95EADE0A41F6}.Release|Win32.Build.0 = Release|Win32
		{2063922A-409F-4807-95B2-95EADE0A41F6}.Release|x64.ActiveCfg = Release|x64
		{2063922A-409F-4807-95B2-95EADE0A41F6}.Release|x64.Build.0 = Release|x64
		{7CA4CBBB-6C41-422D-9875-FB730C0A380E}.Debug|Win32.ActiveCfg = Debug|Win32
		{7CA4CBBB-6C41-422D-9875-FB730C0A380E}.Debug|Win32.Build.0 = Debug|Win32
		{7CA4CBBB-6C41-422D-9875-FB730C0A380E}.Debug|x64.ActiveCfg = Debug|x64
		{7CA4CBBB-6C41-422D-9875-FB730C0A380E}.Debug|x64.Build.0 = Debug|x64
		{7CA4CBBB-6C41-422D-9875-FB730C0A380E}.Release|Win32.ActiveCfg = Release|Win32
		{7CA4CBBB-6C41-422D-9875-FB730C0A380E}.Release|Win32.Build.0 = Release|Win32
		{7CA4CBBB-6C41-422D-9875-FB730C0A380E}.Release|x64.ActiveCfg = Release|x64
		{7CA4CBBB-6C41-422D-9875-FB730C0A380E}.Release|x64.Build.0 = Release|x64
		{910862B1-5E0F-4074-9DF9-B507D5C73545}.Debug|Win32.ActiveCfg = Debug|Win32
		{910862B1-5E0F-4074-9DF9-B507D5C73545}.Debug|x64.ActiveCfg = Debug|x64
		{910862B1-5E0F-4074-9DF9-B507D5C73545}.Debug|x64.Build.0 = Debug|x64
		{910862B1-5E0F-4074-9DF9-B507D5C73545}.Release|Win32.ActiveCfg = Release|Win32
		{910862B1-5E0F-4074-9DF9-B507D5C73545}.Release|Win32.Build.0 = Release|Win32
		{910862B1-5E0F-4074-9DF9-B507D5C73545}.Release|x64.ActiveCfg = Release|x64
		{910862B1-5E0F-4074-9DF9-B507D5C73545}.Release|x64.Build.0 = Release|x64
		{200A5116-7E30-46D1-A87A-AFC4281C6D1A}.Debug|Win32.ActiveCfg = Debug|Win32
		{200A5116-7E30-46D1-A87A-AFC4281C6D1A}.Debug|Win32.Build.0 = Debug|Win32
		{200A5116-7E30-46D1-A87A-AFC4281C6D1A}.Debug|x64.ActiveCfg = Debug|x64
		{200A5116-7E30-46D1-A87A-AFC4281C6D1A}.Debug|x64.Build.0 = Debug|x64
		{200A5116-7E30-46D1-A87A-AFC4281C6D1A}.Release|Win32.ActiveCfg = Release|Win32
		{200A5116-7E30-46D1-A87A-AFC4281C6D1A}.Release|Win32.Build.0 = Release|Win32
		{200A5116-7E30-46D1-A87A-AFC4281C6D1A}.Release|x64.ActiveCfg = Release|x64
		{200A5116-7E30-46D1-A87A-AFC4281C6D1A}.Release|x64.Build.0 = Release|x64
		{D86B15FA-446B-491A-B07D-7A4EEEDD2E4E}.Debug|Win32.ActiveCfg = Debug|Win32
		{D86B15FA-446B-491A-B07D-7A4EEEDD2E4E}.Debug|x64.ActiveCfg = Debug|x64
		{D86B15FA-446B-491A-B07D-7A4EEEDD2E4E}.Debug|x64.Build.0 = Debug|x64
		{D86B15FA-446B-491A-B07D-7A4EEEDD2E4E}.Release|Win32.ActiveCfg = Release|Win32
		{D86B15FA-446B-491A-B07D-7A4EEEDD2E4E}.Release|Win32.Build.0 = Release|Win32
		{D86B15FA-446B-491A-B07D-7A4EEEDD2E4E}.Release|x64.ActiveCfg = Release|x64
		{D86B15FA-446B-491A-B07D-7A4EEEDD2E4E}.Release|x64.Build.0 = Release|x64
		{CBF7C313-6388-4D30-9FAF-6C7BFA32FFEF}.Debug|Win32.ActiveCfg = Debug|Win32
		{CBF7C313-6388-4D30-9FAF-6C7BFA32FFEF}.Debug|Win32.Build.0 = Debug|Win32
		{CBF7C313-6388-4D30-9FAF-6C7BFA32FFEF}.Debug|x64.ActiveCfg = Debug|x64
		{CBF7C313-6388-4D30-9FAF-6C7BFA32FFEF}.Debug|x64.Build.0 = Debug|x64
		{CBF7C313-6388-4D30-9FAF-6C7BFA32FFEF}.Release|Win32.ActiveCfg = Release|Win32
		{CBF7C313-6388-4D30-9FAF-6C7BFA32FFEF}.Release|Win32.Build.0 = Release|Win32
		{CBF7C313-6388-4D30-9FAF-6C7BFA32FFEF}.Release|x64.ActiveCfg = Release|x64
		{CBF7C313-6388-4D30-9FAF-6C7BFA32FFEF}.Release|x64.Build.0 = Release|x64
		{7896CE27-BC43-4504-9333-1944BE5D9CEE}.Debug|Win32.ActiveCfg = Debug|Win32
		{7896CE27-BC43-4504-9333-1944BE5D9CEE}.Debug|Win32.Build.0 = Debug|Win32
		{7896CE27-BC43-4504-9333-1944BE5D9CEE}.Debug|x64.ActiveCfg = Debug|x64
		{7896CE27-BC43-4504-9333-1944BE5D9CEE}.Debug|x64.Build.0 = Debug|x64
		{7896CE27-BC43-4504-9333-1944BE5D9CEE}.Release|Win32.ActiveCfg = Release|Win32
		{7896CE27-BC43-4504-9333-1944BE5D9CEE}.Release|Win32.Build.0 = Release|Win32
		{7896CE27-BC43-4504-9333-1944BE5D9CEE}.Release|x64.ActiveCfg = Release|x64
		{7896CE27-BC43-4504-9333-1944BE5D9CEE}.Release|x64.Build.0 = Release|x64
		{8AB25EB1-94C8-4930-A4B0-0F16B261D1E5}.Debug|Win32.ActiveCfg = Debug|Win32
		{8AB25EB1-94C8-4930-A4B0-0F16B261D1E5}.Debug|Win32.Build.0 = Debug|Win32
		{8AB25EB1-94C8-4930-A4B0-0F16B261D1E5}.Debug|x64.ActiveCfg = Debug|x64
		{8AB25EB1-94C8-4930-A4B0-0F16B261D1E5}.Debug|x64.Build.0 = Debug|x64
		{8AB25EB1-94C8-4930-A4B0-0F16B261D1E5}.Release|Win32.ActiveCfg = Release|Win32
		{8AB25EB1-94C8-4930-A4B0-0F16B261D1E5}.Release|Win32.Build.0 = Release|Win32
		{8AB25EB1-94C8-4930-A4B0-0F16B261D1E5}.Release|x64.ActiveCfg = Release|x64
		{8AB25EB1-94C8-4930-A4B0-0F16B261D1E5}.Release|x64.Build.0 = Release|x64
		{093C23A1-9038-43D1-8712-E8CBEF6B5926}.Debug|Win32.ActiveCfg = Debug|Win32
		{093C23A1-9038-43D1-8712-E8CBEF6B5926}.Debug|Win32.Build.0 = Debug|Win32
		{093C23A1-9038-43D1-8712-E8CBEF6B5926}.Debug|x64.ActiveCfg = Debug|x64
		{093C23A1-9038-43D1-8712-E8CBEF6B5926}.Debug|x64.Build.0 = Debug|x64
		{093C23A1-9038-43D1-8712-E8CBEF6B5926}.Release|Win32.ActiveCfg = Release|Win32
		{093C23A1-9038-43D1-8712-E8CBEF6B5926}.Release|Win32.Build.0 = Release|Win32
		{093C23A1-9038-43D1-8712-E8CBEF6B5926}.Release|x64.ActiveCfg = Release|x64
		{093C23A1-9038-43D1-8712-E8CBEF6B5926}.Release|x64.Build.0 = Release|x64
		{5D8D52AD-BBC6-4FAC-8D7C-D4C88C5288B5}.Debug|Win32.ActiveCfg = Debug|Win32
		{5D8D52AD-BBC6-4FAC-8D7C-D4C88C5288B5}.Debug|Win32.Build.0 = Debug|Win32
		{5D8D52AD-BBC6-4FAC-8D7C-D4C88C5288B5}.Debug|x64.ActiveCfg = Debug|x64
		{5D8D52AD-BBC6-4FAC-8D7C-D4C88C5288B5}.Debug|x64.Build.0 = Debug|x64
		{5D8D52AD-BBC6-4FAC-8D7C-D4C88C5288B5}.Release|Win32.ActiveCfg = Release|Win32
		{5D8D52AD-BBC6-4FAC-8D7C-D4C88C5288B5}.Release|Win32.Build.0 = Release|Win32
		{5D8D52AD-BBC6-4FAC-8D7C-D4C88C5288B5}.Release|x64.ActiveCfg = Release|x64
		{5D8D52AD-BBC6-4FAC-8D7C-D4C88C5288B5}.Release|x64.Build.0 = Release|x64
		{B4398BD5-FA02-4338-A89A-5FBD845743CE}.Debug|Win32.ActiveCfg = Debug|Win32
		{B4398BD5-FA02-4338-A89A-5FBD845743CE}.Debug|x64.ActiveCfg = Debug|x64
		{B4398BD5-FA02-4338-A89A-5FBD845743CE}.Debug|x64.Build.0 = Debug|x64
		{B4398BD5-FA02-4338-A89A-5FBD845743CE}.Release|Win32.ActiveCfg = Release|Win32
		{B4398BD5-FA02-4338-A89A-5FBD845743CE}.Release|Win32.Build.0 = Release|Win32
		{B4398BD5-FA02-4338-A89A-5FBD845743CE}.Release|x64.ActiveCfg = Release|x64
		{B4398BD5-FA02-4338-A89A-5FBD845743CE}.Release|x64.Build.0 = Release|x64
		{62332132-F12C-464B-AB99-84111F6EB0B8}.Debug|Win32.ActiveCfg = Debug|Win32
		{62332132-F12C-464B-AB99-84111F6EB0B8}.Debug|Win32.Build.0 = Debug|Win32
		{62332132-F12C-464B-AB99-84111F6EB0B8}.Debug|x64.ActiveCfg = Debug|x64
		{62332132-F12C-464B-AB99-84111F6EB0B8}.Debug|x64.Build.0 = Debug|x64
		{62332132-F12C-464B-AB99-84111F6EB0B8}.Release|Win32.ActiveCfg = Release|Win32
		{62332132-F12C-464B-AB99-84111F6EB0B8}.Release|Win32.Build.0 = Release|Win32
		{62332132-F12C-464B-AB99-84111F6EB0B8}.Release|x64.ActiveCfg = Release|x64
		{62332132-F12C-464B-AB99-84111F6EB0B8}.Release|x64.Build.0 = Release|x64
		{75AF4C66-F70F-4686-91C0-DE9A7A8ED551}.Debug|Win32.ActiveCfg = Debug|Win32
		{75AF4C66-F70F-4686-91C0-DE9A7A8ED551}.Debug|x64.ActiveCfg = Debug|x64
		{75AF4C66-F70F-4686-91C0-DE9A7A8ED551}.Debug|x64.Build.0 = Debug|x64
		{75AF4C66-F70F-4686-91C0-DE9A7A8ED551}.Release|Win32.ActiveCfg = Release|Win32
		{75AF4C66-F70F-4686-91C0-DE9A7A8ED551}.Release|Win32.Build.0 = Release|Win32
		{75AF4C66-F70F-4686-91C0-DE9A7A8ED551}.Release|x64.ActiveCfg = Release|x64
		{75AF4C66-F70F-4686-91C0-DE9A7A8ED551}.Release|x64.Build.0 = Release|x64
		{6F891EB2-EEAE-451E-B9DE-C07FD13F1ED9}.Debug|Win32.ActiveCfg = Debug|Win32
		{6F891EB2-EEAE-451E-B9DE-C07FD13F1ED9}.Debug|Win32.Build.0 = Debug|Win32
		{6F891EB2-EEAE-451E-B9DE-C07FD13F1ED9}.Debug|x64.ActiveCfg = Debug|x64
		{6F891EB2-EEAE-451E-B9DE-C07FD13F1ED9}.Debug|x64.Build.0 = Debug|x64
		{6F891EB2-EEAE-451E-B9DE-C07FD13F1ED9}.Release|Win32.ActiveCfg = Release|Win32
		{6F891EB2-EEAE-451E-B9DE-C07FD13F1ED9}.Release|Win32.Build.0 = Release|Win32
		{6F891EB2-EEAE-451E-B9DE-C07FD13F1ED9}.Release|x64.ActiveCfg = Release|x64
		{6F891EB2-EEAE-451E-B9DE-C07FD13F1ED9}.Release|x64.Build.0 = Release|x64
		{CCFC5C5D-F07F-41F2-A294-B31326B8D265}.Debug|Win32.ActiveCfg = Debug|Win32
		{CCFC5C5D-F07F-41F2-A294-B31326B8D265}.Debug|Win32.Build.0 = Debug|Win32
		{CCFC5C5D-F07F-41F2-A294-B31326B8D265}.Debug|x64.ActiveCfg = Debug|x64
		{CCFC5C5D-F07F-41F2-A294-B31326B8D265}.Debug|x64.Build.0 = Debug|x64
		{CCFC5C5D-F07F-41F2-A294-B31326B8D265}.Release|Win32.ActiveCfg = Release|Win32
		{CCFC5C5D-F07F-41F2-A294-B31326B8D265}.Release|Win32.Build.0 = Release|Win32
		{CCFC5C5D-F07F-41F2-A294-B31326B8D265}.Release|x64.ActiveCfg = Release|x64
		{CCFC5C5D-F07F-41F2-A294-B31326B8D265}.Release|x64.Build.0 = Release|x64
		{F7E8BD53-1A0E-40B8-ADC1-1E9DE4313BD0}.Debug|Win32.ActiveCfg = Debug|Win32
		{F7E8BD53-1A0E-40B8-ADC1-1E9DE4313BD0}.Debug|Win32.Build.0 = Debug|Win32
		{F7E8BD53-1A0E-40B8-ADC1-1E9DE4313BD0}.Debug|x64.ActiveCfg = Debug|x64
		{F7E8BD53-1A0E-40B8-ADC1-1E9DE4313BD0}.Debug|x64.Build.0 = Debug|x64
		{F7E8BD53-1A0E-40B8-ADC1-1E9DE4313BD0}.Release|Win32.ActiveCfg = Release|Win32
		{F7E8BD53-1A0E-40B8-ADC1-1E9DE4313BD0}.Release|Win32.Build.0 = Release|Win32
		{F7E8BD53-1A0E-40B8-ADC1-1E9DE4313BD0}.Release|x64.ActiveCfg = Release|x64
		{F7E8BD53-1A0E-40B8-ADC1-1E9DE4313BD0}.Release|x64.Build.0 = Release|x64
		{D6D57E6B-FB49-4A2C-BB48-61C6D57FEA17}.Debug|Win32.ActiveCfg = Debug|Win32
		{D6D57E6B-FB49-4A2C-BB48-61C6D57FEA17}.Debug|Win32.Build.0 = Debug|Win32
		{D6D57E6B-FB49-4A2C-BB48-61C6D57FEA17}.Debug|x64.ActiveCfg = Debug|x64
		{D6D57E6B-FB49-4A2C-BB48-61C6D57FEA17}.Debug|x64.Build.0 = Debug|x64
		{D6D57E6B-FB49-4A2C-BB48-61C6D57FEA17}.Release|Win32.ActiveCfg = Release|Win32
		{D6D57E6B-FB49-4A2C-BB48-61C6D57FEA17}.Release|Win32.Build.0 = Release|Win32
		{D6D57E6B-FB49-4A2C-BB48-61C6D57FEA17}.Release|x64.ActiveCfg = Release|x64
		{D6D57E6B-FB49-4A2C-BB48-61C6D57FEA17}.Release|x64.Build.0 = Release|x64
		{82A82686-87AE-401C-A7A2-17EDF370A850}.Debug|Win32.ActiveCfg = Debug|Win32
		{82A82686-87AE-401C-A7A2-17EDF370A850}.Debug|Win32.Build.0 = Debug|Win32
		{82A82686-87AE-401C-A7A2-17EDF370A850}.Debug|x64.ActiveCfg = Debug|x64
		{82A82686-87AE-401C-A7A2-17EDF370A850}.Debug|x64.Build.0 = Debug|x64
		{82A82686-87AE-401C-A7A2-17EDF370A850}.Release|Win32.ActiveCfg = Release|Win32
		{82A82686-87AE-401C-A7A2-17EDF370A850}.Release|Win32.Build.0 = Release|Win32
		{82A82686-87AE-401C-A7A2-17EDF370A850}.Release|x64.ActiveCfg = Release|x64
		{82A82686-87AE-401C-A7A2-17EDF370A850}.Release|x64.Build.0 = Release|x64
		{D9A8B971-15D8-4B5E-9A41-DE31610F1632}.Debug|Win32.ActiveCfg = Debug|Win32
		{D9A8B971-15D8-4B5E-9A41-DE31610F1632}.Debug|Win32.Build.0 = Debug|Win32
		{D9A8B971-15D8-4B5E-9A41-DE31610F1632}.Debug|x64.ActiveCfg = Debug|Win32
		{D9A8B971-15D8-4B5E-9A41-DE31610F1632}.Debug|x64.Build.0 = Debug|Win32
		{D9A8B971-15D8-4B5E-9A41-DE31610F1632}.Release|Win32.ActiveCfg = Release|Win32
		{D9A8B971-15D8-4B5E-9A41-DE31610F1632}.Release|Win32.Build.0 = Release|Win32
		{D9A8B971-15D8-4B5E-9A41-DE31610F1632}.Release|x64.ActiveCfg = Release|Win32
		{D9A8B971-15D8-4B5E-9A41-DE31610F1632}.Release|x64.Build.0 = Release|Win32
		{9E38CDBF-FB50-4B47-8274-0632D72134AD}.Debug|Win32.ActiveCfg = Debug|Win32
		{9E38CDBF-FB50-4B47-8274-0632D72134AD}.Debug|Win32.Build.0 = Debug|Win32
		{9E38CDBF-FB50-4B47-8274-0632D72134AD}.Debug|x64.ActiveCfg = Debug|x64
		{9E38CDBF-FB50-4B47-8274-0632D72134AD}.Debug|x64.Build.0 = Debug|x64
		{9E38CDBF-FB50-4B47-8274-0632D72134AD}.Release|Win32.ActiveCfg = Release|Win32
		{9E38CDBF-FB50-4B47-8274-0632D72134AD}.Release|Win32.Build.0 = Release|Win32
		{9E38CDBF-FB50-4B47-8274-0632D72134AD}.Release|x64.ActiveCfg = Release|x64
		{9E38CDBF-FB50-4B47-8274-0632D72134AD}.Release|x64.Build.0 = Release|x64
		{4C981288-E5C8-4C11-9F9D-5DBF2B3BC007}.Debug|Win32.ActiveCfg = Debug|Win32
		{4C981288-E5C8-4C11-9F9D-5DBF2B3BC007}.Debug|Win32.Build.0 = Debug|Win32
		{4C981288-E5C8-4C11-9F9D-5DBF2B3BC007}.Debug|x64.ActiveCfg = Debug|x64
		{4C981288-E5C8-4C11-9F9D-5DBF2B3BC007}.Debug|x64.Build.0 = Debug|x64
		{4C981288-E5C8-4C11-9F9D-5DBF2B3BC007}.Release|Win32.ActiveCfg = Release|Win32
		{4C981288-E5C8-4C11-9F9D-5DBF2B3BC007}.Release|Win32.Build.0 = Release|Win32
		{4C981288-E5C8-4C11-9F9D-5DBF2B3BC007}.Release|x64.ActiveCfg = Release|x64
		{4C981288-E5C8-4C11-9F9D-5DBF2B3BC007}.Release|x64.Build.0 = Release|x64
		{30EA9FC8-8098-42AA-92A4-15AF309697E6}.Debug|Win32.ActiveCfg = Debug|Win32
		{30EA9FC8-8098-42AA-92A4-15AF309697E6}.Debug|Win32.Build.0 = Debug|Win32
		{30EA9FC8-8098-42AA-92A4-15AF309697E6}.Debug|x64.ActiveCfg = Debug|x64
		{30EA9FC8-8098-42AA-92A4-15AF309697E6}.Debug|x64.Build.0 = Debug|x64
		{30EA9FC8-8098-42AA-92A4-15AF309697E6}.Release|Win32.ActiveCfg = Release|Win32
		{30EA9FC8-8098-42AA-92A4-15AF309697E6}.Release|Win32.Build.0 = Release|Win32
		{30EA9FC8-8098-42AA-92A4-15AF309697E6}.Release|x64.ActiveCfg = Release|x64
		{30EA9FC8-8098-42AA-92A4-15AF309697E6}.Release|x64.Build.0 = Release|x64
		{8211C6DC-9413-499B-A003-E0F9EB3432D0}.Debug|Win32.ActiveCfg = Debug|Win32
		{8211C6DC-9413-499B-A003-E0F9EB3432D0}.Debug|Win32.Build.0 = Debug|Win32
		{8211C6DC-9413-499B-A003-E0F9EB3432D0}.Debug|x64.ActiveCfg = Debug|x64
		{8211C6DC-9413-499B-A003-E0F9EB3432D0}.Debug|x64.Build.0 = Debug|x64
		{8211C6DC-9413-499B-A003-E0F9EB3432D0}.Release|Win32.ActiveCfg = Release|Win32
		{8211C6DC-9413-499B-A003-E0F9EB3432D0}.Release|Win32.Build.0 = Release|Win32
		{8211C6DC-9413-499B-A003-E0F9EB3432D0}.Release|x64.ActiveCfg = Release|x64
		{8211C6DC-9413-499B-A003-E0F9EB3432D0}.Release|x64.Build.0 = Release|x64
	EndGlobalSection
	GlobalSection(SolutionProperties) = preSolution
		HideSolutionNode = FALSE
	EndGlobalSection
	GlobalSection(NestedProjects) = preSolution
		{2063922A-409F-4807-95B2-95EADE0A41F6} = {F91E99BA-D4AB-4FAD-B4BE-074C6417A04D}
		{7CA4CBBB-6C41-422D-9875-FB730C0A380E} = {F91E99BA-D4AB-4FAD-B4BE-074C6417A04D}
		{910862B1-5E0F-4074-9DF9-B507D5C73545} = {F91E99BA-D4AB-4FAD-B4BE-074C6417A04D}
		{200A5116-7E30-46D1-A87A-AFC4281C6D1A} = {F91E99BA-D4AB-4FAD-B4BE-074C6417A04D}
		{D86B15FA-446B-491A-B07D-7A4EEEDD2E4E} = {F91E99BA-D4AB-4FAD-B4BE-074C6417A04D}
		{CBF7C313-6388-4D30-9FAF-6C7BFA32FFEF} = {F91E99BA-D4AB-4FAD-B4BE-074C6417A04D}
		{7896CE27-BC43-4504-9333-1944BE5D9CEE} = {F91E99BA-D4AB-4FAD-B4BE-074C6417A04D}
		{8AB25EB1-94C8-4930-A4B0-0F16B261D1E5} = {F91E99BA-D4AB-4FAD-B4BE-074C6417A04D}
		{093C23A1-9038-43D1-8712-E8CBEF6B5926} = {F91E99BA-D4AB-4FAD-B4BE-074C6417A04D}
		{5D8D52AD-BBC6-4FAC-8D7C-D4C88C5288B5} = {F91E99BA-D4AB-4FAD-B4BE-074C6417A04D}
		{B4398BD5-FA02-4338-A89A-5FBD845743CE} = {F91E99BA-D4AB-4FAD-B4BE-074C6417A04D}
		{62332132-F12C-464B-AB99-84111F6EB0B8} = {F91E99BA-D4AB-4FAD-B4BE-074C6417A04D}
		{75AF4C66-F70F-4686-91C0-DE9A7A8ED551} = {F91E99BA-D4AB-4FAD-B4BE-074C6417A04D}
		{6F891EB2-EEAE-451E-B9DE-C07FD13F1ED9} = {F91E99BA-D4AB-4FAD-B4BE-074C6417A04D}
		{CCFC5C5D-F07F-41F2-A294-B31326B8D265} = {F91E99BA-D4AB-4FAD-B4BE-074C6417A04D}
		{F7E8BD53-1A0E-40B8-ADC1-1E9DE4313BD0} = {F91E99BA-D4AB-4FAD-B4BE-074C6417A04D}
		{D6D57E6B-FB49-4A2C-BB48-61C6D57FEA17} = {F91E99BA-D4AB-4FAD-B4BE-074C6417A04D}
		{82A82686-87AE-401C-A7A2-17EDF370A850} = {F91E99BA-D4AB-4FAD-B4BE-074C6417A04D}
		{D9A8B971-15D8-4B5E-9A41-DE31610F1632} = {F91E99BA-D4AB-4FAD-B4BE-074C6417A04D}
		{9E38CDBF-FB50-4B47-8274-0632D72134AD} = {F91E99BA-D4AB-4FAD-B4BE-074C6417A04D}
		{4C981288-E5C8-4C11-9F9D-5DBF2B3BC007} = {F91E99BA-D4AB-4FAD-B4BE-074C6417A04D}
		{30EA9FC8-8098-42AA-92A4-15AF309697E6} = {F91E99BA-D4AB-4FAD-B4BE-074C6417A04D}
		{8211C6DC-9413-499B-A003-E0F9EB3432D0} = {F91E99BA-D4AB-4FAD-B4BE-074C6417A04D}
	EndGlobalSection
	GlobalSection(ExtensibilityGlobals) = postSolution
		SolutionGuid = {29683F4E-ADB1-40FF-AF12-C31253CF8431}
	EndGlobalSection
EndGlobal
